
Microsoft Visual Studio Solution File, Format Version 12.00
# Visual Studio Version 17
VisualStudioVersion = 17.13.35931.197 d17.13
MinimumVisualStudioVersion = 10.0.40219.1
Project("{FAE04EC0-301F-11D3-BF4B-00C04F79EFBC}") = "SOL_SGE", "SOL_SGE\SOL_SGE.csproj", "{1A7CE075-49F3-4D6D-AE3E-4CB96715DF1F}"
EndProject
Global
	GlobalSection(SolutionConfigurationPlatforms) = preSolution
		Debug|Any CPU = Debug|Any CPU
		Release|Any CPU = Release|Any CPU
	EndGlobalSection
	GlobalSection(ProjectConfigurationPlatforms) = postSolution
		{1A7CE075-49F3-4D6D-AE3E-4CB96715DF1F}.Debug|Any CPU.ActiveCfg = Debug|Any CPU
		{1A7CE075-49F3-4D6D-AE3E-4CB96715DF1F}.Debug|Any CPU.Build.0 = Debug|Any CPU
		{1A7CE075-49F3-4D6D-AE3E-4CB96715DF1F}.Release|Any CPU.ActiveCfg = Release|Any CPU
		{1A7CE075-49F3-4D6D-AE3E-4CB96715DF1F}.Release|Any CPU.Build.0 = Release|Any CPU
	EndGlobalSection
	GlobalSection(SolutionProperties) = preSolution
		HideSolutionNode = FALSE
	EndGlobalSection
	GlobalSection(ExtensibilityGlobals) = postSolution
		SolutionGuid = {0C0B3FED-5859-4C8D-83A7-7E6DD487265F}
	EndGlobalSection
EndGlobal
